
Microsoft Visual Studio Solution File, Format Version 12.00
# Visual Studio Version 17
VisualStudioVersion = 17.5.33530.505
MinimumVisualStudioVersion = 10.0.40219.1
Project("{FAE04EC0-301F-11D3-BF4B-00C04F79EFBC}") = "PdfExtractor", "PdfExtractor.csproj", "{A1427AFE-3BC4-4CD0-AA1C-A4B8EC157A5E}"
EndProject
Global
	GlobalSection(SolutionConfigurationPlatforms) = preSolution
		Debug|Any CPU = Debug|Any CPU
		Release|Any CPU = Release|Any CPU
	EndGlobalSection
	GlobalSection(ProjectConfigurationPlatforms) = postSolution
		{A1427AFE-3BC4-4CD0-AA1C-A4B8EC157A5E}.Debug|Any CPU.ActiveCfg = Debug|Any CPU
		{A1427AFE-3BC4-4CD0-AA1C-A4B8EC157A5E}.Debug|Any CPU.Build.0 = Debug|Any CPU
		{A1427AFE-3BC4-4CD0-AA1C-A4B8EC157A5E}.Release|Any CPU.ActiveCfg = Release|Any CPU
		{A1427AFE-3BC4-4CD0-AA1C-A4B8EC157A5E}.Release|Any CPU.Build.0 = Release|Any CPU
	EndGlobalSection
	GlobalSection(SolutionProperties) = preSolution
		HideSolutionNode = FALSE
	EndGlobalSection
	GlobalSection(ExtensibilityGlobals) = postSolution
		SolutionGuid = {3FB6CB58-43A8-4FE1-8688-4D1736C237CD}
	EndGlobalSection
EndGlobal
